
Microsoft Visual Studio Solution File, Format Version 12.00
# Visual Studio Version 16
VisualStudioVersion = 16.0.30611.23
MinimumVisualStudioVersion = 10.0.40219.1
Project("{8BC9CEB8-8B4A-11D0-8D11-00A0C91BC942}") = "1_WIREFRAME_RENDERING", "1_WIREFRAME_RENDERING\1_WIREFRAME_RENDERING.vcxproj", "{501FBC37-48FA-4429-A09B-33BF4D0D7B5E}"
EndProject
Project("{8BC9CEB8-8B4A-11D0-8D11-00A0C91BC942}") = "2_RASTERIZING_TRAINGLES_AND_BACK_FACE_CULLING", "2_RASTERIZING_TRAINGLES_AND_BACK_FACE_CULLING\2_RASTERIZING_TRAINGLES_AND_BACK_FACE_CULLING.vcxproj", "{2014EE8B-0FE3-4480-946A-2F9647411E35}"
EndProject
Project("{8BC9CEB8-8B4A-11D0-8D11-00A0C91BC942}") = "3_HIDDEN_SURFACE_REMOVAL", "3_HIDDEN_SURFACE_REMOVAL\3_HIDDEN_SURFACE_REMOVAL.vcxproj", "{520BFA2B-2430-46F9-9F38-C11BD8848099}"
EndProject
Project("{8BC9CEB8-8B4A-11D0-8D11-00A0C91BC942}") = "4_PERSPECTIVE_PROJECTION", "4_PERSPECTIVE_PROJECTION\4_PERSPECTIVE_PROJECTION.vcxproj", "{6482C2F3-827F-4222-90B7-A605B1BA8194}"
EndProject
Project("{8BC9CEB8-8B4A-11D0-8D11-00A0C91BC942}") = "6B_TANGENT_SPACE_NORMAL_MAPPING", "6B_TANGENT_SPACE_NORMAL_MAPPING\6B_TANGENT_SPACE_NORMAL_MAPPING.vcxproj", "{13F0D382-564F-4112-97AE-8CC2CA5B0B0E}"
EndProject
Project("{8BC9CEB8-8B4A-11D0-8D11-00A0C91BC942}") = "7_SHADOW_MAPPING", "7_SHADOW_MAPPING\7_SHADOW_MAPPING.vcxproj", "{5340DC7A-B422-4CA0-B774-A797E2E8A01D}"
EndProject
Project("{8BC9CEB8-8B4A-11D0-8D11-00A0C91BC942}") = "8_AMBIENT_OCCLUSION", "8_AMBIENT_OCCLUSION\8_AMBIENT_OCCLUSION.vcxproj", "{65544F53-8312-4184-9EF5-C8B5AF2520E0}"
EndProject
Project("{8BC9CEB8-8B4A-11D0-8D11-00A0C91BC942}") = "9_PERSPECTIVE_AWARE_INTERPOLATION", "9_PERSPECTIVE_AWARE_INTERPOLATION\9_PERSPECTIVE_AWARE_INTERPOLATION.vcxproj", "{86551715-DE0C-4BF7-96B9-C345E64B5590}"
EndProject
Project("{8BC9CEB8-8B4A-11D0-8D11-00A0C91BC942}") = "FINAL_CUSTOM_RENDERER_FROM_SCRATCH", "FINAL_CUSTOM_RENDERER_FROM_SCRATCH\FINAL_CUSTOM_RENDERER_FROM_SCRATCH.vcxproj", "{3546C906-FBBD-4DCF-AC30-2F804EC0BA07}"
EndProject
Project("{8BC9CEB8-8B4A-11D0-8D11-00A0C91BC942}") = "6A_SHADERS_PHONG_+_SPECULAR_MAPPING", "6A_SHADERS_PHONG+SPECULAR_MAPPING\6_SHADERS.vcxproj", "{7D1FC28B-AE39-45E7-AE5A-12DBE40308EC}"
EndProject
Project("{8BC9CEB8-8B4A-11D0-8D11-00A0C91BC942}") = "5_MOVING_THE_CAMERA_+_GOURAUD_SHADING", "5_MOVING_THE_CAMERA_+_GOURAUD_SHADING\5_MOVING_THE_CAMERA_+_GOURAUD_SHADING.vcxproj", "{E503A77E-CA31-4746-BBDA-9F62989FDA1C}"
EndProject
Project("{8BC9CEB8-8B4A-11D0-8D11-00A0C91BC942}") = "POC_RENDERING_USING_OPENGL", "POC_RENDERING_USING_OPENGL\POC_RENDERING_USING_OPENGL.vcxproj", "{D91F6FA7-BDE8-41A6-885F-35EB29B8F0FD}"
EndProject
Global
	GlobalSection(SolutionConfigurationPlatforms) = preSolution
		Debug|x64 = Debug|x64
		Debug|x86 = Debug|x86
		Release|x64 = Release|x64
		Release|x86 = Release|x86
	EndGlobalSection
	GlobalSection(ProjectConfigurationPlatforms) = postSolution
		{501FBC37-48FA-4429-A09B-33BF4D0D7B5E}.Debug|x64.ActiveCfg = Debug|x64
		{501FBC37-48FA-4429-A09B-33BF4D0D7B5E}.Debug|x64.Build.0 = Debug|x64
		{501FBC37-48FA-4429-A09B-33BF4D0D7B5E}.Debug|x86.ActiveCfg = Debug|Win32
		{501FBC37-48FA-4429-A09B-33BF4D0D7B5E}.Debug|x86.Build.0 = Debug|Win32
		{501FBC37-48FA-4429-A09B-33BF4D0D7B5E}.Release|x64.ActiveCfg = Release|x64
		{501FBC37-48FA-4429-A09B-33BF4D0D7B5E}.Release|x64.Build.0 = Release|x64
		{501FBC37-48FA-4429-A09B-33BF4D0D7B5E}.Release|x86.ActiveCfg = Release|Win32
		{501FBC37-48FA-4429-A09B-33BF4D0D7B5E}.Release|x86.Build.0 = Release|Win32
		{2014EE8B-0FE3-4480-946A-2F9647411E35}.Debug|x64.ActiveCfg = Debug|x64
		{2014EE8B-0FE3-4480-946A-2F9647411E35}.Debug|x64.Build.0 = Debug|x64
		{2014EE8B-0FE3-4480-946A-2F9647411E35}.Debug|x86.ActiveCfg = Debug|Win32
		{2014EE8B-0FE3-4480-946A-2F9647411E35}.Debug|x86.Build.0 = Debug|Win32
		{2014EE8B-0FE3-4480-946A-2F9647411E35}.Release|x64.ActiveCfg = Release|x64
		{2014EE8B-0FE3-4480-946A-2F9647411E35}.Release|x64.Build.0 = Release|x64
		{2014EE8B-0FE3-4480-946A-2F9647411E35}.Release|x86.ActiveCfg = Release|Win32
		{2014EE8B-0FE3-4480-946A-2F9647411E35}.Release|x86.Build.0 = Release|Win32
		{520BFA2B-2430-46F9-9F38-C11BD8848099}.Debug|x64.ActiveCfg = Debug|x64
		{520BFA2B-2430-46F9-9F38-C11BD8848099}.Debug|x64.Build.0 = Debug|x64
		{520BFA2B-2430-46F9-9F38-C11BD8848099}.Debug|x86.ActiveCfg = Debug|Win32
		{520BFA2B-2430-46F9-9F38-C11BD8848099}.Debug|x86.Build.0 = Debug|Win32
		{520BFA2B-2430-46F9-9F38-C11BD8848099}.Release|x64.ActiveCfg = Release|x64
		{520BFA2B-2430-46F9-9F38-C11BD8848099}.Release|x64.Build.0 = Release|x64
		{520BFA2B-2430-46F9-9F38-C11BD8848099}.Release|x86.ActiveCfg = Release|Win32
		{520BFA2B-2430-46F9-9F38-C11BD8848099}.Release|x86.Build.0 = Release|Win32
		{6482C2F3-827F-4222-90B7-A605B1BA8194}.Debug|x64.ActiveCfg = Debug|x64
		{6482C2F3-827F-4222-90B7-A605B1BA8194}.Debug|x64.Build.0 = Debug|x64
		{6482C2F3-827F-4222-90B7-A605B1BA8194}.Debug|x86.ActiveCfg = Debug|Win32
		{6482C2F3-827F-4222-90B7-A605B1BA8194}.Debug|x86.Build.0 = Debug|Win32
		{6482C2F3-827F-4222-90B7-A605B1BA8194}.Release|x64.ActiveCfg = Release|x64
		{6482C2F3-827F-4222-90B7-A605B1BA8194}.Release|x64.Build.0 = Release|x64
		{6482C2F3-827F-4222-90B7-A605B1BA8194}.Release|x86.ActiveCfg = Release|Win32
		{6482C2F3-827F-4222-90B7-A605B1BA8194}.Release|x86.Build.0 = Release|Win32
		{13F0D382-564F-4112-97AE-8CC2CA5B0B0E}.Debug|x64.ActiveCfg = Debug|x64
		{13F0D382-564F-4112-97AE-8CC2CA5B0B0E}.Debug|x64.Build.0 = Debug|x64
		{13F0D382-564F-4112-97AE-8CC2CA5B0B0E}.Debug|x86.ActiveCfg = Debug|Win32
		{13F0D382-564F-4112-97AE-8CC2CA5B0B0E}.Debug|x86.Build.0 = Debug|Win32
		{13F0D382-564F-4112-97AE-8CC2CA5B0B0E}.Release|x64.ActiveCfg = Release|x64
		{13F0D382-564F-4112-97AE-8CC2CA5B0B0E}.Release|x64.Build.0 = Release|x64
		{13F0D382-564F-4112-97AE-8CC2CA5B0B0E}.Release|x86.ActiveCfg = Release|Win32
		{13F0D382-564F-4112-97AE-8CC2CA5B0B0E}.Release|x86.Build.0 = Release|Win32
		{5340DC7A-B422-4CA0-B774-A797E2E8A01D}.Debug|x64.ActiveCfg = Debug|x64
		{5340DC7A-B422-4CA0-B774-A797E2E8A01D}.Debug|x64.Build.0 = Debug|x64
		{5340DC7A-B422-4CA0-B774-A797E2E8A01D}.Debug|x86.ActiveCfg = Debug|Win32
		{5340DC7A-B422-4CA0-B774-A797E2E8A01D}.Debug|x86.Build.0 = Debug|Win32
		{5340DC7A-B422-4CA0-B774-A797E2E8A01D}.Release|x64.ActiveCfg = Release|x64
		{5340DC7A-B422-4CA0-B774-A797E2E8A01D}.Release|x64.Build.0 = Release|x64
		{5340DC7A-B422-4CA0-B774-A797E2E8A01D}.Release|x86.ActiveCfg = Release|Win32
		{5340DC7A-B422-4CA0-B774-A797E2E8A01D}.Release|x86.Build.0 = Release|Win32
		{65544F53-8312-4184-9EF5-C8B5AF2520E0}.Debug|x64.ActiveCfg = Debug|x64
		{65544F53-8312-4184-9EF5-C8B5AF2520E0}.Debug|x64.Build.0 = Debug|x64
		{65544F53-8312-4184-9EF5-C8B5AF2520E0}.Debug|x86.ActiveCfg = Debug|Win32
		{65544F53-8312-4184-9EF5-C8B5AF2520E0}.Debug|x86.Build.0 = Debug|Win32
		{65544F53-8312-4184-9EF5-C8B5AF2520E0}.Release|x64.ActiveCfg = Release|x64
		{65544F53-8312-4184-9EF5-C8B5AF2520E0}.Release|x64.Build.0 = Release|x64
		{65544F53-8312-4184-9EF5-C8B5AF2520E0}.Release|x86.ActiveCfg = Release|Win32
		{65544F53-8312-4184-9EF5-C8B5AF2520E0}.Release|x86.Build.0 = Release|Win32
		{86551715-DE0C-4BF7-96B9-C345E64B5590}.Debug|x64.ActiveCfg = Debug|x64
		{86551715-DE0C-4BF7-96B9-C345E64B5590}.Debug|x64.Build.0 = Debug|x64
		{86551715-DE0C-4BF7-96B9-C345E64B5590}.Debug|x86.ActiveCfg = Debug|Win32
		{86551715-DE0C-4BF7-96B9-C345E64B5590}.Debug|x86.Build.0 = Debug|Win32
		{86551715-DE0C-4BF7-96B9-C345E64B5590}.Release|x64.ActiveCfg = Release|x64
		{86551715-DE0C-4BF7-96B9-C345E64B5590}.Release|x64.Build.0 = Release|x64
		{86551715-DE0C-4BF7-96B9-C345E64B5590}.Release|x86.ActiveCfg = Release|Win32
		{86551715-DE0C-4BF7-96B9-C345E64B5590}.Release|x86.Build.0 = Release|Win32
		{3546C906-FBBD-4DCF-AC30-2F804EC0BA07}.Debug|x64.ActiveCfg = Debug|x64
		{3546C906-FBBD-4DCF-AC30-2F804EC0BA07}.Debug|x64.Build.0 = Debug|x64
		{3546C906-FBBD-4DCF-AC30-2F804EC0BA07}.Debug|x86.ActiveCfg = Debug|Win32
		{3546C906-FBBD-4DCF-AC30-2F804EC0BA07}.Debug|x86.Build.0 = Debug|Win32
		{3546C906-FBBD-4DCF-AC30-2F804EC0BA07}.Release|x64.ActiveCfg = Release|x64
		{3546C906-FBBD-4DCF-AC30-2F804EC0BA07}.Release|x64.Build.0 = Release|x64
		{3546C906-FBBD-4DCF-AC30-2F804EC0BA07}.Release|x86.ActiveCfg = Release|Win32
		{3546C906-FBBD-4DCF-AC30-2F804EC0BA07}.Release|x86.Build.0 = Release|Win32
		{7D1FC28B-AE39-45E7-AE5A-12DBE40308EC}.Debug|x64.ActiveCfg = Debug|x64
		{7D1FC28B-AE39-45E7-AE5A-12DBE40308EC}.Debug|x64.Build.0 = Debug|x64
		{7D1FC28B-AE39-45E7-AE5A-12DBE40308EC}.Debug|x86.ActiveCfg = Debug|Win32
		{7D1FC28B-AE39-45E7-AE5A-12DBE40308EC}.Debug|x86.Build.0 = Debug|Win32
		{7D1FC28B-AE39-45E7-AE5A-12DBE40308EC}.Release|x64.ActiveCfg = Release|x64
		{7D1FC28B-AE39-45E7-AE5A-12DBE40308EC}.Release|x64.Build.0 = Release|x64
		{7D1FC28B-AE39-45E7-AE5A-12DBE40308EC}.Release|x86.ActiveCfg = Release|Win32
		{7D1FC28B-AE39-45E7-AE5A-12DBE40308EC}.Release|x86.Build.0 = Release|Win32
		{E503A77E-CA31-4746-BBDA-9F62989FDA1C}.Debug|x64.ActiveCfg = Debug|x64
		{E503A77E-CA31-4746-BBDA-9F62989FDA1C}.Debug|x64.Build.0 = Debug|x64
		{E503A77E-CA31-4746-BBDA-9F62989FDA1C}.Debug|x86.ActiveCfg = Debug|Win32
		{E503A77E-CA31-4746-BBDA-9F62989FDA1C}.Debug|x86.Build.0 = Debug|Win32
		{E503A77E-CA31-4746-BBDA-9F62989FDA1C}.Release|x64.ActiveCfg = Release|x64
		{E503A77E-CA31-4746-BBDA-9F62989FDA1C}.Release|x64.Build.0 = Release|x64
		{E503A77E-CA31-4746-BBDA-9F62989FDA1C}.Release|x86.ActiveCfg = Release|Win32
		{E503A77E-CA31-4746-BBDA-9F62989FDA1C}.Release|x86.Build.0 = Release|Win32
		{D91F6FA7-BDE8-41A6-885F-35EB29B8F0FD}.Debug|x64.ActiveCfg = Debug|x64
		{D91F6FA7-BDE8-41A6-885F-35EB29B8F0FD}.Debug|x64.Build.0 = Debug|x64
		{D91F6FA7-BDE8-41A6-885F-35EB29B8F0FD}.Debug|x86.ActiveCfg = Debug|Win32
		{D91F6FA7-BDE8-41A6-885F-35EB29B8F0FD}.Debug|x86.Build.0 = Debug|Win32
		{D91F6FA7-BDE8-41A6-885F-35EB29B8F0FD}.Release|x64.ActiveCfg = Release|x64
		{D91F6FA7-BDE8-41A6-885F-35EB29B8F0FD}.Release|x64.Build.0 = Release|x64
		{D91F6FA7-BDE8-41A6-885F-35EB29B8F0FD}.Release|x86.ActiveCfg = Release|Win32
		{D91F6FA7-BDE8-41A6-885F-35EB29B8F0FD}.Release|x86.Build.0 = Release|Win32
	EndGlobalSection
	GlobalSection(SolutionProperties) = preSolution
		HideSolutionNode = FALSE
	EndGlobalSection
	GlobalSection(ExtensibilityGlobals) = postSolution
		SolutionGuid = {2CBC7718-C7C1-413D-9CE6-7CD65FC5609C}
	EndGlobalSection
EndGlobal
